
Microsoft Visual Studio Solution File, Format Version 12.00
# Visual Studio Version 17
VisualStudioVersion = 17.13.35913.81 d17.13
MinimumVisualStudioVersion = 10.0.40219.1
Project("{FAE04EC0-301F-11D3-BF4B-00C04F79EFBC}") = "Exercicio5", "Exercicio5\Exercicio5.csproj", "{CDB040C1-E8F8-4CE9-BA6D-B9266B8CFA26}"
EndProject
Global
	GlobalSection(SolutionConfigurationPlatforms) = preSolution
		Debug|Any CPU = Debug|Any CPU
		Release|Any CPU = Release|Any CPU
	EndGlobalSection
	GlobalSection(ProjectConfigurationPlatforms) = postSolution
		{CDB040C1-E8F8-4CE9-BA6D-B9266B8CFA26}.Debug|Any CPU.ActiveCfg = Debug|Any CPU
		{CDB040C1-E8F8-4CE9-BA6D-B9266B8CFA26}.Debug|Any CPU.Build.0 = Debug|Any CPU
		{CDB040C1-E8F8-4CE9-BA6D-B9266B8CFA26}.Release|Any CPU.ActiveCfg = Release|Any CPU
		{CDB040C1-E8F8-4CE9-BA6D-B9266B8CFA26}.Release|Any CPU.Build.0 = Release|Any CPU
	EndGlobalSection
	GlobalSection(SolutionProperties) = preSolution
		HideSolutionNode = FALSE
	EndGlobalSection
	GlobalSection(ExtensibilityGlobals) = postSolution
		SolutionGuid = {513F2A7B-66A9-4200-B716-F24A005CE487}
	EndGlobalSection
EndGlobal
