
Microsoft Visual Studio Solution File, Format Version 12.00
# Visual Studio Version 17
VisualStudioVersion = 17.14.36203.30 d17.14
MinimumVisualStudioVersion = 10.0.40219.1
Project("{FAE04EC0-301F-11D3-BF4B-00C04F79EFBC}") = "CondicionalTernario", "CondicionalTernario\CondicionalTernario.csproj", "{F3DF9C76-3BD2-42AE-BC43-31E985AC5AF3}"
EndProject
Global
	GlobalSection(SolutionConfigurationPlatforms) = preSolution
		Debug|Any CPU = Debug|Any CPU
		Release|Any CPU = Release|Any CPU
	EndGlobalSection
	GlobalSection(ProjectConfigurationPlatforms) = postSolution
		{F3DF9C76-3BD2-42AE-BC43-31E985AC5AF3}.Debug|Any CPU.ActiveCfg = Debug|Any CPU
		{F3DF9C76-3BD2-42AE-BC43-31E985AC5AF3}.Debug|Any CPU.Build.0 = Debug|Any CPU
		{F3DF9C76-3BD2-42AE-BC43-31E985AC5AF3}.Release|Any CPU.ActiveCfg = Release|Any CPU
		{F3DF9C76-3BD2-42AE-BC43-31E985AC5AF3}.Release|Any CPU.Build.0 = Release|Any CPU
	EndGlobalSection
	GlobalSection(SolutionProperties) = preSolution
		HideSolutionNode = FALSE
	EndGlobalSection
	GlobalSection(ExtensibilityGlobals) = postSolution
		SolutionGuid = {B2BC00B7-8C55-4362-A62C-2136668D2EDE}
	EndGlobalSection
EndGlobal
