
Microsoft Visual Studio Solution File, Format Version 12.00
# Visual Studio Version 17
VisualStudioVersion = 17.13.35913.81 d17.13
MinimumVisualStudioVersion = 10.0.40219.1
Project("{FAE04EC0-301F-11D3-BF4B-00C04F79EFBC}") = "Exercici3", "Exercici3\Exercici3.csproj", "{57EA7C69-670C-40E4-A3E3-2E7F4D69C7A0}"
EndProject
Global
	GlobalSection(SolutionConfigurationPlatforms) = preSolution
		Debug|Any CPU = Debug|Any CPU
		Release|Any CPU = Release|Any CPU
	EndGlobalSection
	GlobalSection(ProjectConfigurationPlatforms) = postSolution
		{57EA7C69-670C-40E4-A3E3-2E7F4D69C7A0}.Debug|Any CPU.ActiveCfg = Debug|Any CPU
		{57EA7C69-670C-40E4-A3E3-2E7F4D69C7A0}.Debug|Any CPU.Build.0 = Debug|Any CPU
		{57EA7C69-670C-40E4-A3E3-2E7F4D69C7A0}.Release|Any CPU.ActiveCfg = Release|Any CPU
		{57EA7C69-670C-40E4-A3E3-2E7F4D69C7A0}.Release|Any CPU.Build.0 = Release|Any CPU
	EndGlobalSection
	GlobalSection(SolutionProperties) = preSolution
		HideSolutionNode = FALSE
	EndGlobalSection
	GlobalSection(ExtensibilityGlobals) = postSolution
		SolutionGuid = {416CDF65-2D11-4AB1-80AE-0DD0BABCEF1E}
	EndGlobalSection
EndGlobal
